
Microsoft Visual Studio Solution File, Format Version 12.00
# Visual Studio Version 17
VisualStudioVersion = 17.0.32112.339
MinimumVisualStudioVersion = 10.0.40219.1
Project("{9A19103F-16F7-4668-BE54-9A1E7A4F7556}") = "1.BinomialCoefficients", "1.BinomialCoefficients\1.BinomialCoefficients.csproj", "{107AE529-7079-4EEB-ACFD-8537086C2F1F}"
EndProject
Project("{9A19103F-16F7-4668-BE54-9A1E7A4F7556}") = "2.DividingPresents", "2.DividingPresents\2.DividingPresents.csproj", "{98491A59-842D-4416-B0C0-29A0685AE585}"
EndProject
Project("{FAE04EC0-301F-11D3-BF4B-00C04F79EFBC}") = "3.SumWithUnlimitedAmountOfCoins", "3.SumWithUnlimitedAmountOfCoins\3.SumWithUnlimitedAmountOfCoins.csproj", "{934BC72E-B77D-4AB7-B66A-299B495B4BAF}"
EndProject
Project("{FAE04EC0-301F-11D3-BF4B-00C04F79EFBC}") = "4.SumWithLimitedAmountOfCoins", "4.SumWithLimitedAmountOfCoins\4.SumWithLimitedAmountOfCoins.csproj", "{CC7DA5A6-7EC0-4643-98B9-FD3D9F9C91B0}"
EndProject
Global
	GlobalSection(SolutionConfigurationPlatforms) = preSolution
		Debug|Any CPU = Debug|Any CPU
		Release|Any CPU = Release|Any CPU
	EndGlobalSection
	GlobalSection(ProjectConfigurationPlatforms) = postSolution
		{107AE529-7079-4EEB-ACFD-8537086C2F1F}.Debug|Any CPU.ActiveCfg = Debug|Any CPU
		{107AE529-7079-4EEB-ACFD-8537086C2F1F}.Debug|Any CPU.Build.0 = Debug|Any CPU
		{107AE529-7079-4EEB-ACFD-8537086C2F1F}.Release|Any CPU.ActiveCfg = Release|Any CPU
		{107AE529-7079-4EEB-ACFD-8537086C2F1F}.Release|Any CPU.Build.0 = Release|Any CPU
		{98491A59-842D-4416-B0C0-29A0685AE585}.Debug|Any CPU.ActiveCfg = Debug|Any CPU
		{98491A59-842D-4416-B0C0-29A0685AE585}.Debug|Any CPU.Build.0 = Debug|Any CPU
		{98491A59-842D-4416-B0C0-29A0685AE585}.Release|Any CPU.ActiveCfg = Release|Any CPU
		{98491A59-842D-4416-B0C0-29A0685AE585}.Release|Any CPU.Build.0 = Release|Any CPU
		{934BC72E-B77D-4AB7-B66A-299B495B4BAF}.Debug|Any CPU.ActiveCfg = Debug|Any CPU
		{934BC72E-B77D-4AB7-B66A-299B495B4BAF}.Debug|Any CPU.Build.0 = Debug|Any CPU
		{934BC72E-B77D-4AB7-B66A-299B495B4BAF}.Release|Any CPU.ActiveCfg = Release|Any CPU
		{934BC72E-B77D-4AB7-B66A-299B495B4BAF}.Release|Any CPU.Build.0 = Release|Any CPU
		{CC7DA5A6-7EC0-4643-98B9-FD3D9F9C91B0}.Debug|Any CPU.ActiveCfg = Debug|Any CPU
		{CC7DA5A6-7EC0-4643-98B9-FD3D9F9C91B0}.Debug|Any CPU.Build.0 = Debug|Any CPU
		{CC7DA5A6-7EC0-4643-98B9-FD3D9F9C91B0}.Release|Any CPU.ActiveCfg = Release|Any CPU
		{CC7DA5A6-7EC0-4643-98B9-FD3D9F9C91B0}.Release|Any CPU.Build.0 = Release|Any CPU
	EndGlobalSection
	GlobalSection(SolutionProperties) = preSolution
		HideSolutionNode = FALSE
	EndGlobalSection
	GlobalSection(ExtensibilityGlobals) = postSolution
		SolutionGuid = {99AE2D64-6167-482A-A81A-7F9E89B79C4D}
	EndGlobalSection
EndGlobal
